// !$*UTF8*$!
{
	archiveVersion = 1;
	classes = {
	};
	objectVersion = 46;
	objects = {

/* Begin PBXBuildFile section */
		5089EAD71B58AA6D0088FE97 /* main.m in Sources */ = {isa = PBXBuildFile; fileRef = 5089EAD61B58AA6D0088FE97 /* main.m */; };
		5089EADA1B58AA6D0088FE97 /* AppDelegate.m in Sources */ = {isa = PBXBuildFile; fileRef = 5089EAD91B58AA6D0088FE97 /* AppDelegate.m */; };
		5089EADD1B58AA6D0088FE97 /* ViewController.m in Sources */ = {isa = PBXBuildFile; fileRef = 5089EADC1B58AA6D0088FE97 /* ViewController.m */; };
		5089EAE01B58AA6D0088FE97 /* Main.storyboard in Resources */ = {isa = PBXBuildFile; fileRef = 5089EADE1B58AA6D0088FE97 /* Main.storyboard */; };
		5089EAE21B58AA6D0088FE97 /* Images.xcassets in Resources */ = {isa = PBXBuildFile; fileRef = 5089EAE11B58AA6D0088FE97 /* Images.xcassets */; };
		5089EAE51B58AA6D0088FE97 /* LaunchScreen.xib in Resources */ = {isa = PBXBuildFile; fileRef = 5089EAE31B58AA6D0088FE97 /* LaunchScreen.xib */; };
		5089EAF11B58AA6D0088FE97 /* demo4Tests.m in Sources */ = {isa = PBXBuildFile; fileRef = 5089EAF01B58AA6D0088FE97 /* demo4Tests.m */; };
		5089EAFC1B58AB6C0088FE97 /* DatePickPage.m in Sources */ = {isa = PBXBuildFile; fileRef = 5089EAFB1B58AB6C0088FE97 /* DatePickPage.m */; };
/* End PBXBuildFile section */

/* Begin PBXContainerItemProxy section */
		5089EAEB1B58AA6D0088FE97 /* PBXContainerItemProxy */ = {
			isa = PBXContainerItemProxy;
			containerPortal = 5089EAC91B58AA6C0088FE97 /* Project object */;
			proxyType = 1;
			remoteGlobalIDString = 5089EAD01B58AA6D0088FE97;
			remoteInfo = demo4;
		};
/* End PBXContainerItemProxy section */

/* Begin PBXFileReference section */
		5089EAD11B58AA6D0088FE97 /* demo4.app */ = {isa = PBXFileReference; explicitFileType = wrapper.application; includeInIndex = 0; path = demo4.app; sourceTree = BUILT_PRODUCTS_DIR; };
		5089EAD51B58AA6D0088FE97 /* Info.plist */ = {isa = PBXFileReference; lastKnownFileType = text.plist.xml; path = Info.plist; sourceTree = "<group>"; };
		5089EAD61B58AA6D0088FE97 /* main.m */ = {isa = PBXFileReference; lastKnownFileType = sourcecode.c.objc; path = main.m; sourceTree = "<group>"; };
		5089EAD81B58AA6D0088FE97 /* AppDelegate.h */ = {isa = PBXFileReference; lastKnownFileType = sourcecode.c.h; path = AppDelegate.h; sourceTree = "<group>"; };
		5089EAD91B58AA6D0088FE97 /* AppDelegate.m */ = {isa = PBXFileReference; lastKnownFileType = sourcecode.c.objc; path = AppDelegate.m; sourceTree = "<group>"; };
		5089EADB1B58AA6D0088FE97 /* ViewController.h */ = {isa = PBXFileReference; lastKnownFileType = sourcecode.c.h; path = ViewController.h; sourceTree = "<group>"; };
		5089EADC1B58AA6D0088FE97 /* ViewController.m */ = {isa = PBXFileReference; lastKnownFileType = sourcecode.c.objc; path = ViewController.m; sourceTree = "<group>"; };
		5089EADF1B58AA6D0088FE97 /* Base */ = {isa = PBXFileReference; lastKnownFileType = file.storyboard; name = Base; path = Base.lproj/Main.storyboard; sourceTree = "<group>"; };
		5089EAE11B58AA6D0088FE97 /* Images.xcassets */ = {isa = PBXFileReference; lastKnownFileType = folder.assetcatalog; path = Images.xcassets; sourceTree = "<group>"; };
		5089EAE41B58AA6D0088FE97 /* Base */ = {isa = PBXFileReference; lastKnownFileType = file.xib; name = Base; path = Base.lproj/LaunchScreen.xib; sourceTree = "<group>"; };
		5089EAEA1B58AA6D0088FE97 /* demo4Tests.xctest */ = {isa = PBXFileReference; explicitFileType = wrapper.cfbundle; includeInIndex = 0; path = demo4Tests.xctest; sourceTree = BUILT_PRODUCTS_DIR; };
		5089EAEF1B58AA6D0088FE97 /* Info.plist */ = {isa = PBXFileReference; lastKnownFileType = text.plist.xml; path = Info.plist; sourceTree = "<group>"; };
		5089EAF01B58AA6D0088FE97 /* demo4Tests.m */ = {isa = PBXFileReference; lastKnownFileType = sourcecode.c.objc; path = demo4Tests.m; sourceTree = "<group>"; };
		5089EAFA1B58AB6C0088FE97 /* DatePickPage.h */ = {isa = PBXFileReference; fileEncoding = 4; lastKnownFileType = sourcecode.c.h; path = DatePickPage.h; sourceTree = "<group>"; };
		5089EAFB1B58AB6C0088FE97 /* DatePickPage.m */ = {isa = PBXFileReference; fileEncoding = 4; lastKnownFileType = sourcecode.c.objc; path = DatePickPage.m; sourceTree = "<group>"; };
/* End PBXFileReference section */

/* Begin PBXFrameworksBuildPhase section */
		5089EACE1B58AA6D0088FE97 /* Frameworks */ = {
			isa = PBXFrameworksBuildPhase;
			buildActionMask = 2147483647;
			files = (
			);
			runOnlyForDeploymentPostprocessing = 0;
		};
		5089EAE71B58AA6D0088FE97 /* Frameworks */ = {
			isa = PBXFrameworksBuildPhase;
			buildActionMask = 2147483647;
			files = (
			);
			runOnlyForDeploymentPostprocessing = 0;
		};
/* End PBXFrameworksBuildPhase section */

/* Begin PBXGroup section */
		5089EAC81B58AA6C0088FE97 = {
			isa = PBXGroup;
			children = (
				5089EAD31B58AA6D0088FE97 /* demo4 */,
				5089EAED1B58AA6D0088FE97 /* demo4Tests */,
				5089EAD21B58AA6D0088FE97 /* Products */,
			);
			sourceTree = "<group>";
		};
		5089EAD21B58AA6D0088FE97 /* Products */ = {
			isa = PBXGroup;
			children = (
				5089EAD11B58AA6D0088FE97 /* demo4.app */,
				5089EAEA1B58AA6D0088FE97 /* demo4Tests.xctest */,
			);
			name = Products;
			sourceTree = "<group>";
		};
		5089EAD31B58AA6D0088FE97 /* demo4 */ = {
			isa = PBXGroup;
			children = (
				5089EAD81B58AA6D0088FE97 /* AppDelegate.h */,
				5089EAD91B58AA6D0088FE97 /* AppDelegate.m */,
				5089EADB1B58AA6D0088FE97 /* ViewController.h */,
				5089EADC1B58AA6D0088FE97 /* ViewController.m */,
				5089EADE1B58AA6D0088FE97 /* Main.storyboard */,
				5089EAE11B58AA6D0088FE97 /* Images.xcassets */,
				5089EAE31B58AA6D0088FE97 /* LaunchScreen.xib */,
				5089EAD41B58AA6D0088FE97 /* Supporting Files */,
				5089EAFA1B58AB6C0088FE97 /* DatePickPage.h */,
				5089EAFB1B58AB6C0088FE97 /* DatePickPage.m */,
			);
			path = demo4;
			sourceTree = "<group>";
		};
		5089EAD41B58AA6D0088FE97 /* Supporting Files */ = {
			isa = PBXGroup;
			children = (
				5089EAD51B58AA6D0088FE97 /* Info.plist */,
				5089EAD61B58AA6D0088FE97 /* main.m */,
			);
			name = "Supporting Files";
			sourceTree = "<group>";
		};
		5089EAED1B58AA6D0088FE97 /* demo4Tests */ = {
			isa = PBXGroup;
			children = (
				5089EAF01B58AA6D0088FE97 /* demo4Tests.m */,
				5089EAEE1B58AA6D0088FE97 /* Supporting Files */,
			);
			path = demo4Tests;
			sourceTree = "<group>";
		};
		5089EAEE1B58AA6D0088FE97 /* Supporting Files */ = {
			isa = PBXGroup;
			children = (
				5089EAEF1B58AA6D0088FE97 /* Info.plist */,
			);
			name = "Supporting Files";
			sourceTree = "<group>";
		};
/* End PBXGroup section */

/* Begin PBXNativeTarget section */
		5089EAD01B58AA6D0088FE97 /* demo4 */ = {
			isa = PBXNativeTarget;
			buildConfigurationList = 5089EAF41B58AA6D0088FE97 /* Build configuration list for PBXNativeTarget "demo4" */;
			buildPhases = (
				5089EACD1B58AA6D0088FE97 /* Sources */,
				5089EACE1B58AA6D0088FE97 /* Frameworks */,
				5089EACF1B58AA6D0088FE97 /* Resources */,
			);
			buildRules = (
			);
			dependencies = (
			);
			name = demo4;
			productName = demo4;
			productReference = 5089EAD11B58AA6D0088FE97 /* demo4.app */;
			productType = "com.apple.product-type.application";
		};
		5089EAE91B58AA6D0088FE97 /* demo4Tests */ = {
			isa = PBXNativeTarget;
			buildConfigurationList = 5089EAF71B58AA6D0088FE97 /* Build configuration list for PBXNativeTarget "demo4Tests" */;
			buildPhases = (
				5089EAE61B58AA6D0088FE97 /* Sources */,
				5089EAE71B58AA6D0088FE97 /* Frameworks */,
				5089EAE81B58AA6D0088FE97 /* Resources */,
			);
			buildRules = (
			);
			dependencies = (
				5089EAEC1B58AA6D0088FE97 /* PBXTargetDependency */,
			);
			name = demo4Tests;
			productName = demo4Tests;
			productReference = 5089EAEA1B58AA6D0088FE97 /* demo4Tests.xctest */;
			productType = "com.apple.product-type.bundle.unit-test";
		};
/* End PBXNativeTarget section */

/* Begin PBXProject section */
		5089EAC91B58AA6C0088FE97 /* Project object */ = {
			isa = PBXProject;
			attributes = {
				LastUpgradeCheck = 0640;
				ORGANIZATIONNAME = DamonLiu;
				TargetAttributes = {
					5089EAD01B58AA6D0088FE97 = {
						CreatedOnToolsVersion = 6.4;
					};
					5089EAE91B58AA6D0088FE97 = {
						CreatedOnToolsVersion = 6.4;
						TestTargetID = 5089EAD01B58AA6D0088FE97;
					};
				};
			};
			buildConfigurationList = 5089EACC1B58AA6C0088FE97 /* Build configuration list for PBXProject "demo4" */;
			compatibilityVersion = "Xcode 3.2";
			developmentRegion = English;
			hasScannedForEncodings = 0;
			knownRegions = (
				en,
				Base,
			);
			mainGroup = 5089EAC81B58AA6C0088FE97;
			productRefGroup = 5089EAD21B58AA6D0088FE97 /* Products */;
			projectDirPath = "";
			projectRoot = "";
			targets = (
				5089EAD01B58AA6D0088FE97 /* demo4 */,
				5089EAE91B58AA6D0088FE97 /* demo4Tests */,
			);
		};
/* End PBXProject section */

/* Begin PBXResourcesBuildPhase section */
		5089EACF1B58AA6D0088FE97 /* Resources */ = {
			isa = PBXResourcesBuildPhase;
			buildActionMask = 2147483647;
			files = (
				5089EAE01B58AA6D0088FE97 /* Main.storyboard in Resources */,
				5089EAE51B58AA6D0088FE97 /* LaunchScreen.xib in Resources */,
				5089EAE21B58AA6D0088FE97 /* Images.xcassets in Resources */,
			);
			runOnlyForDeploymentPostprocessing = 0;
		};
		5089EAE81B58AA6D0088FE97 /* Resources */ = {
			isa = PBXResourcesBuildPhase;
			buildActionMask = 2147483647;
			files = (
			);
			runOnlyForDeploymentPostprocessing = 0;
		};
/* End PBXResourcesBuildPhase section */

/* Begin PBXSourcesBuildPhase section */
		5089EACD1B58AA6D0088FE97 /* Sources */ = {
			isa = PBXSourcesBuildPhase;
			buildActionMask = 2147483647;
			files = (
				5089EADD1B58AA6D0088FE97 /* ViewController.m in Sources */,
				5089EADA1B58AA6D0088FE97 /* AppDelegate.m in Sources */,
				5089EAD71B58AA6D0088FE97 /* main.m in Sources */,
				5089EAFC1B58AB6C0088FE97 /* DatePickPage.m in Sources */,
			);
			runOnlyForDeploymentPostprocessing = 0;
		};
		5089EAE61B58AA6D0088FE97 /* Sources */ = {
			isa = PBXSourcesBuildPhase;
			buildActionMask = 2147483647;
			files = (
				5089EAF11B58AA6D0088FE97 /* demo4Tests.m in Sources */,
			);
			runOnlyForDeploymentPostprocessing = 0;
		};
/* End PBXSourcesBuildPhase section */

/* Begin PBXTargetDependency section */
		5089EAEC1B58AA6D0088FE97 /* PBXTargetDependency */ = {
			isa = PBXTargetDependency;
			target = 5089EAD01B58AA6D0088FE97 /* demo4 */;
			targetProxy = 5089EAEB1B58AA6D0088FE97 /* PBXContainerItemProxy */;
		};
/* End PBXTargetDependency section */

/* Begin PBXVariantGroup section */
		5089EADE1B58AA6D0088FE97 /* Main.storyboard */ = {
			isa = PBXVariantGroup;
			children = (
				5089EADF1B58AA6D0088FE97 /* Base */,
			);
			name = Main.storyboard;
			sourceTree = "<group>";
		};
		5089EAE31B58AA6D0088FE97 /* LaunchScreen.xib */ = {
			isa = PBXVariantGroup;
			children = (
				5089EAE41B58AA6D0088FE97 /* Base */,
			);
			name = LaunchScreen.xib;
			sourceTree = "<group>";
		};
/* End PBXVariantGroup section */

/* Begin XCBuildConfiguration section */
		5089EAF21B58AA6D0088FE97 /* Debug */ = {
			isa = XCBuildConfiguration;
			buildSettings = {
				ALWAYS_SEARCH_USER_PATHS = NO;
				CLANG_CXX_LANGUAGE_STANDARD = "gnu++0x";
				CLANG_CXX_LIBRARY = "libc++";
				CLANG_ENABLE_MODULES = YES;
				CLANG_ENABLE_OBJC_ARC = YES;
				CLANG_WARN_BOOL_CONVERSION = YES;
				CLANG_WARN_CONSTANT_CONVERSION = YES;
				CLANG_WARN_DIRECT_OBJC_ISA_USAGE = YES_ERROR;
				CLANG_WARN_EMPTY_BODY = YES;
				CLANG_WARN_ENUM_CONVERSION = YES;
				CLANG_WARN_INT_CONVERSION = YES;
				CLANG_WARN_OBJC_ROOT_CLASS = YES_ERROR;
				CLANG_WARN_UNREACHABLE_CODE = YES;
				CLANG_WARN__DUPLICATE_METHOD_MATCH = YES;
				"CODE_SIGN_IDENTITY[sdk=iphoneos*]" = "iPhone Developer";
				COPY_PHASE_STRIP = NO;
				DEBUG_INFORMATION_FORMAT = "dwarf-with-dsym";
				ENABLE_STRICT_OBJC_MSGSEND = YES;
				GCC_C_LANGUAGE_STANDARD = gnu99;
				GCC_DYNAMIC_NO_PIC = NO;
				GCC_NO_COMMON_BLOCKS = YES;
				GCC_OPTIMIZATION_LEVEL = 0;
				GCC_PREPROCESSOR_DEFINITIONS = (
					"DEBUG=1",
					"$(inherited)",
				);
				GCC_SYMBOLS_PRIVATE_EXTERN = NO;
				GCC_WARN_64_TO_32_BIT_CONVERSION = YES;
				GCC_WARN_ABOUT_RETURN_TYPE = YES_ERROR;
				GCC_WARN_UNDECLARED_SELECTOR = YES;
				GCC_WARN_UNINITIALIZED_AUTOS = YES_AGGRESSIVE;
				GCC_WARN_UNUSED_FUNCTION = YES;
				GCC_WARN_UNUSED_VARIABLE = YES;
				IPHONEOS_DEPLOYMENT_TARGET = 8.4;
				MTL_ENABLE_DEBUG_INFO = YES;
				ONLY_ACTIVE_ARCH = YES;
				SDKROOT = iphoneos;
			};
			name = Debug;
		};
		5089EAF31B58AA6D0088FE97 /* Release */ = {
			isa = XCBuildConfiguration;
			buildSettings = {
				ALWAYS_SEARCH_USER_PATHS = NO;
				CLANG_CXX_LANGUAGE_STANDARD = "gnu++0x";
				CLANG_CXX_LIBRARY = "libc++";
				CLANG_ENABLE_MODULES = YES;
				CLANG_ENABLE_OBJC_ARC = YES;
				CLANG_WARN_BOOL_CONVERSION = YES;
				CLANG_WARN_CONSTANT_CONVERSION = YES;
				CLANG_WARN_DIRECT_OBJC_ISA_USAGE = YES_ERROR;
				CLANG_WARN_EMPTY_BODY = YES;
				CLANG_WARN_ENUM_CONVERSION = YES;
				CLANG_WARN_INT_CONVERSION = YES;
				CLANG_WARN_OBJC_ROOT_CLASS = YES_ERROR;
				CLANG_WARN_UNREACHABLE_CODE = YES;
				CLANG_WARN__DUPLICATE_METHOD_MATCH = YES;
				"CODE_SIGN_IDENTITY[sdk=iphoneos*]" = "iPhone Developer";
				COPY_PHASE_STRIP = NO;
				DEBUG_INFORMATION_FORMAT = "dwarf-with-dsym";
				ENABLE_NS_ASSERTIONS = NO;
				ENABLE_STRICT_OBJC_MSGSEND = YES;
				GCC_C_LANGUAGE_STANDARD = gnu99;
				GCC_NO_COMMON_BLOCKS = YES;
				GCC_WARN_64_TO_32_BIT_CONVERSION = YES;
				GCC_WARN_ABOUT_RETURN_TYPE = YES_ERROR;
				GCC_WARN_UNDECLARED_SELECTOR = YES;
				GCC_WARN_UNINITIALIZED_AUTOS = YES_AGGRESSIVE;
				GCC_WARN_UNUSED_FUNCTION = YES;
				GCC_WARN_UNUSED_VARIABLE = YES;
				IPHONEOS_DEPLOYMENT_TARGET = 8.4;
				MTL_ENABLE_DEBUG_INFO = NO;
				SDKROOT = iphoneos;
				VALIDATE_PRODUCT = YES;
			};
			name = Release;
		};
		5089EAF51B58AA6D0088FE97 /* Debug */ = {
			isa = XCBuildConfiguration;
			buildSettings = {
				ASSETCATALOG_COMPILER_APPICON_NAME = AppIcon;
				INFOPLIST_FILE = demo4/Info.plist;
				IPHONEOS_DEPLOYMENT_TARGET = 6.0;
				LD_RUNPATH_SEARCH_PATHS = "$(inherited) @executable_path/Frameworks";
				PRODUCT_NAME = "$(TARGET_NAME)";
				TARGETED_DEVICE_FAMILY = 1;
			};
			name = Debug;
		};
		5089EAF61B58AA6D0088FE97 /* Release */ = {
			isa = XCBuildConfiguration;
			buildSettings = {
				ASSETCATALOG_COMPILER_APPICON_NAME = AppIcon;
				INFOPLIST_FILE = demo4/Info.plist;
				IPHONEOS_DEPLOYMENT_TARGET = 6.0;
				LD_RUNPATH_SEARCH_PATHS = "$(inherited) @executable_path/Frameworks";
				PRODUCT_NAME = "$(TARGET_NAME)";
				TARGETED_DEVICE_FAMILY = 1;
			};
			name = Release;
		};
		5089EAF81B58AA6D0088FE97 /* Debug */ = {
			isa = XCBuildConfiguration;
			buildSettings = {
				BUNDLE_LOADER = "$(TEST_HOST)";
				FRAMEWORK_SEARCH_PATHS = (
					"$(SDKROOT)/Developer/Library/Frameworks",
					"$(inherited)",
				);
				GCC_PREPROCESSOR_DEFINITIONS = (
					"DEBUG=1",
					"$(inherited)",
				);
				INFOPLIST_FILE = demo4Tests/Info.plist;
				LD_RUNPATH_SEARCH_PATHS = "$(inherited) @executable_path/Frameworks @loader_path/Frameworks";
				PRODUCT_NAME = "$(TARGET_NAME)";
				TEST_HOST = "$(BUILT_PRODUCTS_DIR)/demo4.app/demo4";
			};
			name = Debug;
		};
		5089EAF91B58AA6D0088FE97 /* Release */ = {
			isa = XCBuildConfiguration;
			buildSettings = {
				BUNDLE_LOADER = "$(TEST_HOST)";
				FRAMEWORK_SEARCH_PATHS = (
					"$(SDKROOT)/Developer/Library/Frameworks",
					"$(inherited)",
				);
				INFOPLIST_FILE = demo4Tests/Info.plist;
				LD_RUNPATH_SEARCH_PATHS = "$(inherited) @executable_path/Frameworks @loader_path/Frameworks";
				PRODUCT_NAME = "$(TARGET_NAME)";
				TEST_HOST = "$(BUILT_PRODUCTS_DIR)/demo4.app/demo4";
			};
			name = Release;
		};
/* End XCBuildConfiguration section */

/* Begin XCConfigurationList section */
		5089EACC1B58AA6C0088FE97 /* Build configuration list for PBXProject "demo4" */ = {
			isa = XCConfigurationList;
			buildConfigurations = (
				5089EAF21B58AA6D0088FE97 /* Debug */,
				5089EAF31B58AA6D0088FE97 /* Release */,
			);
			defaultConfigurationIsVisible = 0;
			defaultConfigurationName = Release;
		};
		5089EAF41B58AA6D0088FE97 /* Build configuration list for PBXNativeTarget "demo4" */ = {
			isa = XCConfigurationList;
			buildConfigurations = (
				5089EAF51B58AA6D0088FE97 /* Debug */,
				5089EAF61B58AA6D0088FE97 /* Release */,
			);
			defaultConfigurationIsVisible = 0;
			defaultConfigurationName = Release;
		};
		5089EAF71B58AA6D0088FE97 /* Build configuration list for PBXNativeTarget "demo4Tests" */ = {
			isa = XCConfigurationList;
			buildConfigurations = (
				5089EAF81B58AA6D0088FE97 /* Debug */,
				5089EAF91B58AA6D0088FE97 /* Release */,
			);
			defaultConfigurationIsVisible = 0;
			defaultConfigurationName = Release;
		};
/* End XCConfigurationList section */
	};
	rootObject = 5089EAC91B58AA6C0088FE97 /* Project object */;
}
