// !$*UTF8*$!
{
	archiveVersion = 1;
	classes = {
	};
	objectVersion = 46;
	objects = {

/* Begin PBXBuildFile section */
		504AC6F71B57C9DB0028FD4F /* main.m in Sources */ = {isa = PBXBuildFile; fileRef = 504AC6F61B57C9DB0028FD4F /* main.m */; };
		504AC6FA1B57C9DB0028FD4F /* AppDelegate.m in Sources */ = {isa = PBXBuildFile; fileRef = 504AC6F91B57C9DB0028FD4F /* AppDelegate.m */; };
		504AC6FD1B57C9DB0028FD4F /* ViewController.m in Sources */ = {isa = PBXBuildFile; fileRef = 504AC6FC1B57C9DB0028FD4F /* ViewController.m */; };
		504AC7001B57C9DB0028FD4F /* Main.storyboard in Resources */ = {isa = PBXBuildFile; fileRef = 504AC6FE1B57C9DB0028FD4F /* Main.storyboard */; };
		504AC7021B57C9DB0028FD4F /* Images.xcassets in Resources */ = {isa = PBXBuildFile; fileRef = 504AC7011B57C9DB0028FD4F /* Images.xcassets */; };
		504AC7051B57C9DB0028FD4F /* LaunchScreen.xib in Resources */ = {isa = PBXBuildFile; fileRef = 504AC7031B57C9DB0028FD4F /* LaunchScreen.xib */; };
		504AC7111B57C9DB0028FD4F /* demo01Tests.m in Sources */ = {isa = PBXBuildFile; fileRef = 504AC7101B57C9DB0028FD4F /* demo01Tests.m */; };
		504AC71B1B57CB980028FD4F /* laptop.jpg in Resources */ = {isa = PBXBuildFile; fileRef = 504AC71A1B57CB980028FD4F /* laptop.jpg */; };
		506849DA1B5CDFBA00BB3439 /* Default@2x.png in Resources */ = {isa = PBXBuildFile; fileRef = 506849D91B5CDFBA00BB3439 /* Default@2x.png */; };
/* End PBXBuildFile section */

/* Begin PBXContainerItemProxy section */
		504AC70B1B57C9DB0028FD4F /* PBXContainerItemProxy */ = {
			isa = PBXContainerItemProxy;
			containerPortal = 504AC6E91B57C9DB0028FD4F /* Project object */;
			proxyType = 1;
			remoteGlobalIDString = 504AC6F01B57C9DB0028FD4F;
			remoteInfo = demo01;
		};
/* End PBXContainerItemProxy section */

/* Begin PBXFileReference section */
		504AC6F11B57C9DB0028FD4F /* demo01.app */ = {isa = PBXFileReference; explicitFileType = wrapper.application; includeInIndex = 0; path = demo01.app; sourceTree = BUILT_PRODUCTS_DIR; };
		504AC6F51B57C9DB0028FD4F /* Info.plist */ = {isa = PBXFileReference; lastKnownFileType = text.plist.xml; path = Info.plist; sourceTree = "<group>"; };
		504AC6F61B57C9DB0028FD4F /* main.m */ = {isa = PBXFileReference; lastKnownFileType = sourcecode.c.objc; path = main.m; sourceTree = "<group>"; };
		504AC6F81B57C9DB0028FD4F /* AppDelegate.h */ = {isa = PBXFileReference; lastKnownFileType = sourcecode.c.h; path = AppDelegate.h; sourceTree = "<group>"; };
		504AC6F91B57C9DB0028FD4F /* AppDelegate.m */ = {isa = PBXFileReference; lastKnownFileType = sourcecode.c.objc; path = AppDelegate.m; sourceTree = "<group>"; };
		504AC6FB1B57C9DB0028FD4F /* ViewController.h */ = {isa = PBXFileReference; lastKnownFileType = sourcecode.c.h; path = ViewController.h; sourceTree = "<group>"; };
		504AC6FC1B57C9DB0028FD4F /* ViewController.m */ = {isa = PBXFileReference; lastKnownFileType = sourcecode.c.objc; path = ViewController.m; sourceTree = "<group>"; };
		504AC6FF1B57C9DB0028FD4F /* Base */ = {isa = PBXFileReference; lastKnownFileType = file.storyboard; name = Base; path = Base.lproj/Main.storyboard; sourceTree = "<group>"; };
		504AC7011B57C9DB0028FD4F /* Images.xcassets */ = {isa = PBXFileReference; lastKnownFileType = folder.assetcatalog; path = Images.xcassets; sourceTree = "<group>"; };
		504AC7041B57C9DB0028FD4F /* Base */ = {isa = PBXFileReference; lastKnownFileType = file.xib; name = Base; path = Base.lproj/LaunchScreen.xib; sourceTree = "<group>"; };
		504AC70A1B57C9DB0028FD4F /* demo01Tests.xctest */ = {isa = PBXFileReference; explicitFileType = wrapper.cfbundle; includeInIndex = 0; path = demo01Tests.xctest; sourceTree = BUILT_PRODUCTS_DIR; };
		504AC70F1B57C9DB0028FD4F /* Info.plist */ = {isa = PBXFileReference; lastKnownFileType = text.plist.xml; path = Info.plist; sourceTree = "<group>"; };
		504AC7101B57C9DB0028FD4F /* demo01Tests.m */ = {isa = PBXFileReference; lastKnownFileType = sourcecode.c.objc; path = demo01Tests.m; sourceTree = "<group>"; };
		504AC71A1B57CB980028FD4F /* laptop.jpg */ = {isa = PBXFileReference; lastKnownFileType = image.jpeg; name = laptop.jpg; path = ../../../../Downloads/laptop.jpg; sourceTree = "<group>"; };
		506849D91B5CDFBA00BB3439 /* Default@2x.png */ = {isa = PBXFileReference; lastKnownFileType = image.png; name = "Default@2x.png"; path = "../../../../Pictures/Default@2x.png"; sourceTree = "<group>"; };
/* End PBXFileReference section */

/* Begin PBXFrameworksBuildPhase section */
		504AC6EE1B57C9DB0028FD4F /* Frameworks */ = {
			isa = PBXFrameworksBuildPhase;
			buildActionMask = 2147483647;
			files = (
			);
			runOnlyForDeploymentPostprocessing = 0;
		};
		504AC7071B57C9DB0028FD4F /* Frameworks */ = {
			isa = PBXFrameworksBuildPhase;
			buildActionMask = 2147483647;
			files = (
			);
			runOnlyForDeploymentPostprocessing = 0;
		};
/* End PBXFrameworksBuildPhase section */

/* Begin PBXGroup section */
		504AC6E81B57C9DB0028FD4F = {
			isa = PBXGroup;
			children = (
				504AC6F31B57C9DB0028FD4F /* demo01 */,
				504AC70D1B57C9DB0028FD4F /* demo01Tests */,
				504AC6F21B57C9DB0028FD4F /* Products */,
			);
			sourceTree = "<group>";
		};
		504AC6F21B57C9DB0028FD4F /* Products */ = {
			isa = PBXGroup;
			children = (
				504AC6F11B57C9DB0028FD4F /* demo01.app */,
				504AC70A1B57C9DB0028FD4F /* demo01Tests.xctest */,
			);
			name = Products;
			sourceTree = "<group>";
		};
		504AC6F31B57C9DB0028FD4F /* demo01 */ = {
			isa = PBXGroup;
			children = (
				504AC6F81B57C9DB0028FD4F /* AppDelegate.h */,
				504AC6F91B57C9DB0028FD4F /* AppDelegate.m */,
				504AC6FB1B57C9DB0028FD4F /* ViewController.h */,
				504AC6FC1B57C9DB0028FD4F /* ViewController.m */,
				504AC6FE1B57C9DB0028FD4F /* Main.storyboard */,
				504AC7011B57C9DB0028FD4F /* Images.xcassets */,
				504AC7031B57C9DB0028FD4F /* LaunchScreen.xib */,
				504AC6F41B57C9DB0028FD4F /* Supporting Files */,
			);
			path = demo01;
			sourceTree = "<group>";
		};
		504AC6F41B57C9DB0028FD4F /* Supporting Files */ = {
			isa = PBXGroup;
			children = (
				506849D91B5CDFBA00BB3439 /* Default@2x.png */,
				504AC71A1B57CB980028FD4F /* laptop.jpg */,
				504AC6F51B57C9DB0028FD4F /* Info.plist */,
				504AC6F61B57C9DB0028FD4F /* main.m */,
			);
			name = "Supporting Files";
			sourceTree = "<group>";
		};
		504AC70D1B57C9DB0028FD4F /* demo01Tests */ = {
			isa = PBXGroup;
			children = (
				504AC7101B57C9DB0028FD4F /* demo01Tests.m */,
				504AC70E1B57C9DB0028FD4F /* Supporting Files */,
			);
			path = demo01Tests;
			sourceTree = "<group>";
		};
		504AC70E1B57C9DB0028FD4F /* Supporting Files */ = {
			isa = PBXGroup;
			children = (
				504AC70F1B57C9DB0028FD4F /* Info.plist */,
			);
			name = "Supporting Files";
			sourceTree = "<group>";
		};
/* End PBXGroup section */

/* Begin PBXNativeTarget section */
		504AC6F01B57C9DB0028FD4F /* demo01 */ = {
			isa = PBXNativeTarget;
			buildConfigurationList = 504AC7141B57C9DB0028FD4F /* Build configuration list for PBXNativeTarget "demo01" */;
			buildPhases = (
				504AC6ED1B57C9DB0028FD4F /* Sources */,
				504AC6EE1B57C9DB0028FD4F /* Frameworks */,
				504AC6EF1B57C9DB0028FD4F /* Resources */,
			);
			buildRules = (
			);
			dependencies = (
			);
			name = demo01;
			productName = demo01;
			productReference = 504AC6F11B57C9DB0028FD4F /* demo01.app */;
			productType = "com.apple.product-type.application";
		};
		504AC7091B57C9DB0028FD4F /* demo01Tests */ = {
			isa = PBXNativeTarget;
			buildConfigurationList = 504AC7171B57C9DB0028FD4F /* Build configuration list for PBXNativeTarget "demo01Tests" */;
			buildPhases = (
				504AC7061B57C9DB0028FD4F /* Sources */,
				504AC7071B57C9DB0028FD4F /* Frameworks */,
				504AC7081B57C9DB0028FD4F /* Resources */,
			);
			buildRules = (
			);
			dependencies = (
				504AC70C1B57C9DB0028FD4F /* PBXTargetDependency */,
			);
			name = demo01Tests;
			productName = demo01Tests;
			productReference = 504AC70A1B57C9DB0028FD4F /* demo01Tests.xctest */;
			productType = "com.apple.product-type.bundle.unit-test";
		};
/* End PBXNativeTarget section */

/* Begin PBXProject section */
		504AC6E91B57C9DB0028FD4F /* Project object */ = {
			isa = PBXProject;
			attributes = {
				LastUpgradeCheck = 0640;
				ORGANIZATIONNAME = DamonLiu;
				TargetAttributes = {
					504AC6F01B57C9DB0028FD4F = {
						CreatedOnToolsVersion = 6.4;
					};
					504AC7091B57C9DB0028FD4F = {
						CreatedOnToolsVersion = 6.4;
						TestTargetID = 504AC6F01B57C9DB0028FD4F;
					};
				};
			};
			buildConfigurationList = 504AC6EC1B57C9DB0028FD4F /* Build configuration list for PBXProject "demo01" */;
			compatibilityVersion = "Xcode 3.2";
			developmentRegion = English;
			hasScannedForEncodings = 0;
			knownRegions = (
				en,
				Base,
			);
			mainGroup = 504AC6E81B57C9DB0028FD4F;
			productRefGroup = 504AC6F21B57C9DB0028FD4F /* Products */;
			projectDirPath = "";
			projectRoot = "";
			targets = (
				504AC6F01B57C9DB0028FD4F /* demo01 */,
				504AC7091B57C9DB0028FD4F /* demo01Tests */,
			);
		};
/* End PBXProject section */

/* Begin PBXResourcesBuildPhase section */
		504AC6EF1B57C9DB0028FD4F /* Resources */ = {
			isa = PBXResourcesBuildPhase;
			buildActionMask = 2147483647;
			files = (
				504AC7001B57C9DB0028FD4F /* Main.storyboard in Resources */,
				504AC71B1B57CB980028FD4F /* laptop.jpg in Resources */,
				504AC7051B57C9DB0028FD4F /* LaunchScreen.xib in Resources */,
				504AC7021B57C9DB0028FD4F /* Images.xcassets in Resources */,
				506849DA1B5CDFBA00BB3439 /* Default@2x.png in Resources */,
			);
			runOnlyForDeploymentPostprocessing = 0;
		};
		504AC7081B57C9DB0028FD4F /* Resources */ = {
			isa = PBXResourcesBuildPhase;
			buildActionMask = 2147483647;
			files = (
			);
			runOnlyForDeploymentPostprocessing = 0;
		};
/* End PBXResourcesBuildPhase section */

/* Begin PBXSourcesBuildPhase section */
		504AC6ED1B57C9DB0028FD4F /* Sources */ = {
			isa = PBXSourcesBuildPhase;
			buildActionMask = 2147483647;
			files = (
				504AC6FD1B57C9DB0028FD4F /* ViewController.m in Sources */,
				504AC6FA1B57C9DB0028FD4F /* AppDelegate.m in Sources */,
				504AC6F71B57C9DB0028FD4F /* main.m in Sources */,
			);
			runOnlyForDeploymentPostprocessing = 0;
		};
		504AC7061B57C9DB0028FD4F /* Sources */ = {
			isa = PBXSourcesBuildPhase;
			buildActionMask = 2147483647;
			files = (
				504AC7111B57C9DB0028FD4F /* demo01Tests.m in Sources */,
			);
			runOnlyForDeploymentPostprocessing = 0;
		};
/* End PBXSourcesBuildPhase section */

/* Begin PBXTargetDependency section */
		504AC70C1B57C9DB0028FD4F /* PBXTargetDependency */ = {
			isa = PBXTargetDependency;
			target = 504AC6F01B57C9DB0028FD4F /* demo01 */;
			targetProxy = 504AC70B1B57C9DB0028FD4F /* PBXContainerItemProxy */;
		};
/* End PBXTargetDependency section */

/* Begin PBXVariantGroup section */
		504AC6FE1B57C9DB0028FD4F /* Main.storyboard */ = {
			isa = PBXVariantGroup;
			children = (
				504AC6FF1B57C9DB0028FD4F /* Base */,
			);
			name = Main.storyboard;
			sourceTree = "<group>";
		};
		504AC7031B57C9DB0028FD4F /* LaunchScreen.xib */ = {
			isa = PBXVariantGroup;
			children = (
				504AC7041B57C9DB0028FD4F /* Base */,
			);
			name = LaunchScreen.xib;
			sourceTree = "<group>";
		};
/* End PBXVariantGroup section */

/* Begin XCBuildConfiguration section */
		504AC7121B57C9DB0028FD4F /* Debug */ = {
			isa = XCBuildConfiguration;
			buildSettings = {
				ALWAYS_SEARCH_USER_PATHS = NO;
				CLANG_CXX_LANGUAGE_STANDARD = "gnu++0x";
				CLANG_CXX_LIBRARY = "libc++";
				CLANG_ENABLE_MODULES = YES;
				CLANG_ENABLE_OBJC_ARC = YES;
				CLANG_WARN_BOOL_CONVERSION = YES;
				CLANG_WARN_CONSTANT_CONVERSION = YES;
				CLANG_WARN_DIRECT_OBJC_ISA_USAGE = YES_ERROR;
				CLANG_WARN_EMPTY_BODY = YES;
				CLANG_WARN_ENUM_CONVERSION = YES;
				CLANG_WARN_INT_CONVERSION = YES;
				CLANG_WARN_OBJC_ROOT_CLASS = YES_ERROR;
				CLANG_WARN_UNREACHABLE_CODE = YES;
				CLANG_WARN__DUPLICATE_METHOD_MATCH = YES;
				"CODE_SIGN_IDENTITY[sdk=iphoneos*]" = "iPhone Developer";
				COPY_PHASE_STRIP = NO;
				DEBUG_INFORMATION_FORMAT = "dwarf-with-dsym";
				ENABLE_STRICT_OBJC_MSGSEND = YES;
				GCC_C_LANGUAGE_STANDARD = gnu99;
				GCC_DYNAMIC_NO_PIC = NO;
				GCC_NO_COMMON_BLOCKS = YES;
				GCC_OPTIMIZATION_LEVEL = 0;
				GCC_PREPROCESSOR_DEFINITIONS = (
					"DEBUG=1",
					"$(inherited)",
				);
				GCC_SYMBOLS_PRIVATE_EXTERN = NO;
				GCC_WARN_64_TO_32_BIT_CONVERSION = YES;
				GCC_WARN_ABOUT_RETURN_TYPE = YES_ERROR;
				GCC_WARN_UNDECLARED_SELECTOR = YES;
				GCC_WARN_UNINITIALIZED_AUTOS = YES_AGGRESSIVE;
				GCC_WARN_UNUSED_FUNCTION = YES;
				GCC_WARN_UNUSED_VARIABLE = YES;
				IPHONEOS_DEPLOYMENT_TARGET = 6.0;
				MTL_ENABLE_DEBUG_INFO = YES;
				ONLY_ACTIVE_ARCH = YES;
				SDKROOT = iphoneos;
			};
			name = Debug;
		};
		504AC7131B57C9DB0028FD4F /* Release */ = {
			isa = XCBuildConfiguration;
			buildSettings = {
				ALWAYS_SEARCH_USER_PATHS = NO;
				CLANG_CXX_LANGUAGE_STANDARD = "gnu++0x";
				CLANG_CXX_LIBRARY = "libc++";
				CLANG_ENABLE_MODULES = YES;
				CLANG_ENABLE_OBJC_ARC = YES;
				CLANG_WARN_BOOL_CONVERSION = YES;
				CLANG_WARN_CONSTANT_CONVERSION = YES;
				CLANG_WARN_DIRECT_OBJC_ISA_USAGE = YES_ERROR;
				CLANG_WARN_EMPTY_BODY = YES;
				CLANG_WARN_ENUM_CONVERSION = YES;
				CLANG_WARN_INT_CONVERSION = YES;
				CLANG_WARN_OBJC_ROOT_CLASS = YES_ERROR;
				CLANG_WARN_UNREACHABLE_CODE = YES;
				CLANG_WARN__DUPLICATE_METHOD_MATCH = YES;
				"CODE_SIGN_IDENTITY[sdk=iphoneos*]" = "iPhone Developer";
				COPY_PHASE_STRIP = NO;
				DEBUG_INFORMATION_FORMAT = "dwarf-with-dsym";
				ENABLE_NS_ASSERTIONS = NO;
				ENABLE_STRICT_OBJC_MSGSEND = YES;
				GCC_C_LANGUAGE_STANDARD = gnu99;
				GCC_NO_COMMON_BLOCKS = YES;
				GCC_WARN_64_TO_32_BIT_CONVERSION = YES;
				GCC_WARN_ABOUT_RETURN_TYPE = YES_ERROR;
				GCC_WARN_UNDECLARED_SELECTOR = YES;
				GCC_WARN_UNINITIALIZED_AUTOS = YES_AGGRESSIVE;
				GCC_WARN_UNUSED_FUNCTION = YES;
				GCC_WARN_UNUSED_VARIABLE = YES;
				IPHONEOS_DEPLOYMENT_TARGET = 6.0;
				MTL_ENABLE_DEBUG_INFO = NO;
				SDKROOT = iphoneos;
				VALIDATE_PRODUCT = YES;
			};
			name = Release;
		};
		504AC7151B57C9DB0028FD4F /* Debug */ = {
			isa = XCBuildConfiguration;
			buildSettings = {
				ASSETCATALOG_COMPILER_APPICON_NAME = AppIcon;
				INFOPLIST_FILE = demo01/Info.plist;
				IPHONEOS_DEPLOYMENT_TARGET = 6;
				LD_RUNPATH_SEARCH_PATHS = "$(inherited) @executable_path/Frameworks";
				PRODUCT_NAME = "$(TARGET_NAME)";
			};
			name = Debug;
		};
		504AC7161B57C9DB0028FD4F /* Release */ = {
			isa = XCBuildConfiguration;
			buildSettings = {
				ASSETCATALOG_COMPILER_APPICON_NAME = AppIcon;
				INFOPLIST_FILE = demo01/Info.plist;
				IPHONEOS_DEPLOYMENT_TARGET = 6;
				LD_RUNPATH_SEARCH_PATHS = "$(inherited) @executable_path/Frameworks";
				PRODUCT_NAME = "$(TARGET_NAME)";
			};
			name = Release;
		};
		504AC7181B57C9DB0028FD4F /* Debug */ = {
			isa = XCBuildConfiguration;
			buildSettings = {
				BUNDLE_LOADER = "$(TEST_HOST)";
				FRAMEWORK_SEARCH_PATHS = (
					"$(SDKROOT)/Developer/Library/Frameworks",
					"$(inherited)",
				);
				GCC_PREPROCESSOR_DEFINITIONS = (
					"DEBUG=1",
					"$(inherited)",
				);
				INFOPLIST_FILE = demo01Tests/Info.plist;
				LD_RUNPATH_SEARCH_PATHS = "$(inherited) @executable_path/Frameworks @loader_path/Frameworks";
				PRODUCT_NAME = "$(TARGET_NAME)";
				TEST_HOST = "$(BUILT_PRODUCTS_DIR)/demo01.app/demo01";
			};
			name = Debug;
		};
		504AC7191B57C9DB0028FD4F /* Release */ = {
			isa = XCBuildConfiguration;
			buildSettings = {
				BUNDLE_LOADER = "$(TEST_HOST)";
				FRAMEWORK_SEARCH_PATHS = (
					"$(SDKROOT)/Developer/Library/Frameworks",
					"$(inherited)",
				);
				INFOPLIST_FILE = demo01Tests/Info.plist;
				LD_RUNPATH_SEARCH_PATHS = "$(inherited) @executable_path/Frameworks @loader_path/Frameworks";
				PRODUCT_NAME = "$(TARGET_NAME)";
				TEST_HOST = "$(BUILT_PRODUCTS_DIR)/demo01.app/demo01";
			};
			name = Release;
		};
/* End XCBuildConfiguration section */

/* Begin XCConfigurationList section */
		504AC6EC1B57C9DB0028FD4F /* Build configuration list for PBXProject "demo01" */ = {
			isa = XCConfigurationList;
			buildConfigurations = (
				504AC7121B57C9DB0028FD4F /* Debug */,
				504AC7131B57C9DB0028FD4F /* Release */,
			);
			defaultConfigurationIsVisible = 0;
			defaultConfigurationName = Release;
		};
		504AC7141B57C9DB0028FD4F /* Build configuration list for PBXNativeTarget "demo01" */ = {
			isa = XCConfigurationList;
			buildConfigurations = (
				504AC7151B57C9DB0028FD4F /* Debug */,
				504AC7161B57C9DB0028FD4F /* Release */,
			);
			defaultConfigurationIsVisible = 0;
			defaultConfigurationName = Release;
		};
		504AC7171B57C9DB0028FD4F /* Build configuration list for PBXNativeTarget "demo01Tests" */ = {
			isa = XCConfigurationList;
			buildConfigurations = (
				504AC7181B57C9DB0028FD4F /* Debug */,
				504AC7191B57C9DB0028FD4F /* Release */,
			);
			defaultConfigurationIsVisible = 0;
			defaultConfigurationName = Release;
		};
/* End XCConfigurationList section */
	};
	rootObject = 504AC6E91B57C9DB0028FD4F /* Project object */;
}
