// !$*UTF8*$!
{
	archiveVersion = 1;
	classes = {
	};
	objectVersion = 46;
	objects = {

/* Begin PBXBuildFile section */
		504AC6F71B57C9DB0028FD4F /* main.m in Sources */ = {isa = PBXBuildFile; fileRef = 504AC6F61B57C9DB0028FD4F /* main.m */; };
		504AC6FA1B57C9DB0028FD4F /* AppDelegate.m in Sources */ = {isa = PBXBuildFile; fileRef = 504AC6F91B57C9DB0028FD4F /* AppDelegate.m */; };
		504AC6FD1B57C9DB0028FD4F /* ViewController.m in Sources */ = {isa = PBXBuildFile; fileRef = 504AC6FC1B57C9DB0028FD4F /* ViewController.m */; };
		504AC7001B57C9DB0028FD4F /* Main.storyboard in Resources */ = {isa = PBXBuildFile; fileRef = 504AC6FE1B57C9DB0028FD4F /* Main.storyboard */; };
		504AC7021B57C9DB0028FD4F /* Images.xcassets in Resources */ = {isa = PBXBuildFile; fileRef = 504AC7011B57C9DB0028FD4F /* Images.xcassets */; };
		504AC7051B57C9DB0028FD4F /* LaunchScreen.xib in Resources */ = {isa = PBXBuildFile; fileRef = 504AC7031B57C9DB0028FD4F /* LaunchScreen.xib */; };
		509DC27D1B61DDF800BBED65 /* 冲田总悟.jpg in Resources */ = {isa = PBXBuildFile; fileRef = 509DC27C1B61DDF800BBED65 /* 冲田总悟.jpg */; };
		509DC2811B61E9DD00BBED65 /* PictureViewController.m in Sources */ = {isa = PBXBuildFile; fileRef = 509DC27F1B61E9DD00BBED65 /* PictureViewController.m */; };
		509DC2821B61E9DD00BBED65 /* PictureViewController.xib in Resources */ = {isa = PBXBuildFile; fileRef = 509DC2801B61E9DD00BBED65 /* PictureViewController.xib */; };
		50C8F3321B672BFC00515065 /* OpenUDID.m in Sources */ = {isa = PBXBuildFile; fileRef = 50C8F3311B672BFC00515065 /* OpenUDID.m */; settings = {COMPILER_FLAGS = "-fno-objc-arc"; }; };
		50C8F3361B67527D00515065 /* DLKeyChain.m in Sources */ = {isa = PBXBuildFile; fileRef = 50C8F3351B67527D00515065 /* DLKeyChain.m */; };
		50C8F33D1B675EC000515065 /* icon.png in Resources */ = {isa = PBXBuildFile; fileRef = 50C8F33B1B675EC000515065 /* icon.png */; };
		50C8F33E1B675EC000515065 /* icon@2x.png in Resources */ = {isa = PBXBuildFile; fileRef = 50C8F33C1B675EC000515065 /* icon@2x.png */; };
		50C8F3421B67601C00515065 /* Default@2x.png in Resources */ = {isa = PBXBuildFile; fileRef = 50C8F3411B67601C00515065 /* Default@2x.png */; };
/* End PBXBuildFile section */

/* Begin PBXFileReference section */
		504AC6F11B57C9DB0028FD4F /* demo1.app */ = {isa = PBXFileReference; explicitFileType = wrapper.application; includeInIndex = 0; path = demo1.app; sourceTree = BUILT_PRODUCTS_DIR; };
		504AC6F51B57C9DB0028FD4F /* Info.plist */ = {isa = PBXFileReference; lastKnownFileType = text.plist.xml; path = Info.plist; sourceTree = "<group>"; };
		504AC6F61B57C9DB0028FD4F /* main.m */ = {isa = PBXFileReference; lastKnownFileType = sourcecode.c.objc; path = main.m; sourceTree = "<group>"; };
		504AC6F81B57C9DB0028FD4F /* AppDelegate.h */ = {isa = PBXFileReference; lastKnownFileType = sourcecode.c.h; path = AppDelegate.h; sourceTree = "<group>"; };
		504AC6F91B57C9DB0028FD4F /* AppDelegate.m */ = {isa = PBXFileReference; lastKnownFileType = sourcecode.c.objc; path = AppDelegate.m; sourceTree = "<group>"; };
		504AC6FB1B57C9DB0028FD4F /* ViewController.h */ = {isa = PBXFileReference; lastKnownFileType = sourcecode.c.h; path = ViewController.h; sourceTree = "<group>"; };
		504AC6FC1B57C9DB0028FD4F /* ViewController.m */ = {isa = PBXFileReference; lastKnownFileType = sourcecode.c.objc; path = ViewController.m; sourceTree = "<group>"; };
		504AC6FF1B57C9DB0028FD4F /* Base */ = {isa = PBXFileReference; lastKnownFileType = file.storyboard; name = Base; path = Base.lproj/Main.storyboard; sourceTree = "<group>"; };
		504AC7011B57C9DB0028FD4F /* Images.xcassets */ = {isa = PBXFileReference; lastKnownFileType = folder.assetcatalog; path = Images.xcassets; sourceTree = "<group>"; };
		504AC7041B57C9DB0028FD4F /* Base */ = {isa = PBXFileReference; lastKnownFileType = file.xib; name = Base; path = Base.lproj/LaunchScreen.xib; sourceTree = "<group>"; };
		504AC70F1B57C9DB0028FD4F /* Info.plist */ = {isa = PBXFileReference; lastKnownFileType = text.plist.xml; path = Info.plist; sourceTree = "<group>"; };
		504AC7101B57C9DB0028FD4F /* demo01Tests.m */ = {isa = PBXFileReference; lastKnownFileType = sourcecode.c.objc; path = demo01Tests.m; sourceTree = "<group>"; };
		509DC27C1B61DDF800BBED65 /* 冲田总悟.jpg */ = {isa = PBXFileReference; lastKnownFileType = image.jpeg; name = "冲田总悟.jpg"; path = "../../../../../Pictures/冲田总悟.jpg"; sourceTree = "<group>"; };
		509DC27E1B61E9DD00BBED65 /* PictureViewController.h */ = {isa = PBXFileReference; fileEncoding = 4; lastKnownFileType = sourcecode.c.h; path = PictureViewController.h; sourceTree = "<group>"; };
		509DC27F1B61E9DD00BBED65 /* PictureViewController.m */ = {isa = PBXFileReference; fileEncoding = 4; lastKnownFileType = sourcecode.c.objc; path = PictureViewController.m; sourceTree = "<group>"; };
		509DC2801B61E9DD00BBED65 /* PictureViewController.xib */ = {isa = PBXFileReference; fileEncoding = 4; lastKnownFileType = file.xib; path = PictureViewController.xib; sourceTree = "<group>"; };
		50C8F3301B672BFC00515065 /* OpenUDID.h */ = {isa = PBXFileReference; fileEncoding = 4; lastKnownFileType = sourcecode.c.h; name = OpenUDID.h; path = "../../../../OpenUDID-master/OpenUDID.h"; sourceTree = "<group>"; };
		50C8F3311B672BFC00515065 /* OpenUDID.m */ = {isa = PBXFileReference; fileEncoding = 4; lastKnownFileType = sourcecode.c.objc; name = OpenUDID.m; path = "../../../tuniuapp-iphone/Iphone/TuNiuApp/Vendor/OpenUDID/OpenUDID.m"; sourceTree = "<group>"; };
		50C8F3341B67527D00515065 /* DLKeyChain.h */ = {isa = PBXFileReference; fileEncoding = 4; lastKnownFileType = sourcecode.c.h; path = DLKeyChain.h; sourceTree = "<group>"; };
		50C8F3351B67527D00515065 /* DLKeyChain.m */ = {isa = PBXFileReference; fileEncoding = 4; lastKnownFileType = sourcecode.c.objc; path = DLKeyChain.m; sourceTree = "<group>"; };
		50C8F33B1B675EC000515065 /* icon.png */ = {isa = PBXFileReference; lastKnownFileType = image.png; name = icon.png; path = ../../../../../Pictures/icon.png; sourceTree = "<group>"; };
		50C8F33C1B675EC000515065 /* icon@2x.png */ = {isa = PBXFileReference; lastKnownFileType = image.png; name = "icon@2x.png"; path = "../../../../../Pictures/icon@2x.png"; sourceTree = "<group>"; };
		50C8F3411B67601C00515065 /* Default@2x.png */ = {isa = PBXFileReference; lastKnownFileType = image.png; name = "Default@2x.png"; path = "../../../../../Pictures/Default@2x.png"; sourceTree = "<group>"; };
/* End PBXFileReference section */

/* Begin PBXFrameworksBuildPhase section */
		504AC6EE1B57C9DB0028FD4F /* Frameworks */ = {
			isa = PBXFrameworksBuildPhase;
			buildActionMask = 2147483647;
			files = (
			);
			runOnlyForDeploymentPostprocessing = 0;
		};
/* End PBXFrameworksBuildPhase section */

/* Begin PBXGroup section */
		503B00411B67144A003BA5D3 /* UUID */ = {
			isa = PBXGroup;
			children = (
				50C8F3301B672BFC00515065 /* OpenUDID.h */,
				50C8F3311B672BFC00515065 /* OpenUDID.m */,
			);
			name = UUID;
			sourceTree = "<group>";
		};
		504AC6E81B57C9DB0028FD4F = {
			isa = PBXGroup;
			children = (
				504AC6F31B57C9DB0028FD4F /* demo01 */,
				504AC70D1B57C9DB0028FD4F /* demo01Tests */,
				504AC6F21B57C9DB0028FD4F /* Products */,
				71C29649E511757CC5538A6B /* Frameworks */,
			);
			sourceTree = "<group>";
		};
		504AC6F21B57C9DB0028FD4F /* Products */ = {
			isa = PBXGroup;
			children = (
				504AC6F11B57C9DB0028FD4F /* demo1.app */,
			);
			name = Products;
			sourceTree = "<group>";
		};
		504AC6F31B57C9DB0028FD4F /* demo01 */ = {
			isa = PBXGroup;
			children = (
				50C8F3331B67526200515065 /* KeyChain */,
				503B00411B67144A003BA5D3 /* UUID */,
				504AC6F81B57C9DB0028FD4F /* AppDelegate.h */,
				504AC6F91B57C9DB0028FD4F /* AppDelegate.m */,
				504AC6FB1B57C9DB0028FD4F /* ViewController.h */,
				504AC6FC1B57C9DB0028FD4F /* ViewController.m */,
				504AC6FE1B57C9DB0028FD4F /* Main.storyboard */,
				504AC7011B57C9DB0028FD4F /* Images.xcassets */,
				504AC7031B57C9DB0028FD4F /* LaunchScreen.xib */,
				504AC6F41B57C9DB0028FD4F /* Supporting Files */,
				509DC27E1B61E9DD00BBED65 /* PictureViewController.h */,
				509DC27F1B61E9DD00BBED65 /* PictureViewController.m */,
				509DC2801B61E9DD00BBED65 /* PictureViewController.xib */,
			);
			path = demo01;
			sourceTree = "<group>";
		};
		504AC6F41B57C9DB0028FD4F /* Supporting Files */ = {
			isa = PBXGroup;
			children = (
				50C8F3411B67601C00515065 /* Default@2x.png */,
				50C8F33B1B675EC000515065 /* icon.png */,
				50C8F33C1B675EC000515065 /* icon@2x.png */,
				509DC27C1B61DDF800BBED65 /* 冲田总悟.jpg */,
				504AC6F51B57C9DB0028FD4F /* Info.plist */,
				504AC6F61B57C9DB0028FD4F /* main.m */,
			);
			name = "Supporting Files";
			sourceTree = "<group>";
		};
		504AC70D1B57C9DB0028FD4F /* demo01Tests */ = {
			isa = PBXGroup;
			children = (
				504AC7101B57C9DB0028FD4F /* demo01Tests.m */,
				504AC70E1B57C9DB0028FD4F /* Supporting Files */,
			);
			path = demo01Tests;
			sourceTree = "<group>";
		};
		504AC70E1B57C9DB0028FD4F /* Supporting Files */ = {
			isa = PBXGroup;
			children = (
				504AC70F1B57C9DB0028FD4F /* Info.plist */,
			);
			name = "Supporting Files";
			sourceTree = "<group>";
		};
		50C8F3331B67526200515065 /* KeyChain */ = {
			isa = PBXGroup;
			children = (
				50C8F3341B67527D00515065 /* DLKeyChain.h */,
				50C8F3351B67527D00515065 /* DLKeyChain.m */,
			);
			name = KeyChain;
			sourceTree = "<group>";
		};
		71C29649E511757CC5538A6B /* Frameworks */ = {
			isa = PBXGroup;
			children = (
			);
			name = Frameworks;
			sourceTree = "<group>";
		};
/* End PBXGroup section */

/* Begin PBXNativeTarget section */
		504AC6F01B57C9DB0028FD4F /* demo1 */ = {
			isa = PBXNativeTarget;
			buildConfigurationList = 504AC7141B57C9DB0028FD4F /* Build configuration list for PBXNativeTarget "demo1" */;
			buildPhases = (
				7ACD3E4A357EEF4AF302964C /* Check Pods Manifest.lock */,
				504AC6ED1B57C9DB0028FD4F /* Sources */,
				504AC6EE1B57C9DB0028FD4F /* Frameworks */,
				504AC6EF1B57C9DB0028FD4F /* Resources */,
				42BAFA90AB1A0D0A7A36585F /* Copy Pods Resources */,
			);
			buildRules = (
			);
			dependencies = (
			);
			name = demo1;
			productName = demo01;
			productReference = 504AC6F11B57C9DB0028FD4F /* demo1.app */;
			productType = "com.apple.product-type.application";
		};
/* End PBXNativeTarget section */

/* Begin PBXProject section */
		504AC6E91B57C9DB0028FD4F /* Project object */ = {
			isa = PBXProject;
			attributes = {
				LastUpgradeCheck = 0640;
				ORGANIZATIONNAME = DamonLiu;
				TargetAttributes = {
					504AC6F01B57C9DB0028FD4F = {
						CreatedOnToolsVersion = 6.4;
					};
				};
			};
			buildConfigurationList = 504AC6EC1B57C9DB0028FD4F /* Build configuration list for PBXProject "demo1" */;
			compatibilityVersion = "Xcode 3.2";
			developmentRegion = English;
			hasScannedForEncodings = 0;
			knownRegions = (
				en,
				Base,
			);
			mainGroup = 504AC6E81B57C9DB0028FD4F;
			productRefGroup = 504AC6F21B57C9DB0028FD4F /* Products */;
			projectDirPath = "";
			projectRoot = "";
			targets = (
				504AC6F01B57C9DB0028FD4F /* demo1 */,
			);
		};
/* End PBXProject section */

/* Begin PBXResourcesBuildPhase section */
		504AC6EF1B57C9DB0028FD4F /* Resources */ = {
			isa = PBXResourcesBuildPhase;
			buildActionMask = 2147483647;
			files = (
				50C8F3421B67601C00515065 /* Default@2x.png in Resources */,
				504AC7001B57C9DB0028FD4F /* Main.storyboard in Resources */,
				50C8F33E1B675EC000515065 /* icon@2x.png in Resources */,
				50C8F33D1B675EC000515065 /* icon.png in Resources */,
				509DC2821B61E9DD00BBED65 /* PictureViewController.xib in Resources */,
				504AC7051B57C9DB0028FD4F /* LaunchScreen.xib in Resources */,
				504AC7021B57C9DB0028FD4F /* Images.xcassets in Resources */,
				509DC27D1B61DDF800BBED65 /* 冲田总悟.jpg in Resources */,
			);
			runOnlyForDeploymentPostprocessing = 0;
		};
/* End PBXResourcesBuildPhase section */

/* Begin PBXShellScriptBuildPhase section */
		42BAFA90AB1A0D0A7A36585F /* Copy Pods Resources */ = {
			isa = PBXShellScriptBuildPhase;
			buildActionMask = 2147483647;
			files = (
			);
			inputPaths = (
			);
			name = "Copy Pods Resources";
			outputPaths = (
			);
			runOnlyForDeploymentPostprocessing = 0;
			shellPath = /bin/sh;
			shellScript = "\"${SRCROOT}/Pods/Target Support Files/Pods/Pods-resources.sh\"\n";
			showEnvVarsInLog = 0;
		};
		7ACD3E4A357EEF4AF302964C /* Check Pods Manifest.lock */ = {
			isa = PBXShellScriptBuildPhase;
			buildActionMask = 2147483647;
			files = (
			);
			inputPaths = (
			);
			name = "Check Pods Manifest.lock";
			outputPaths = (
			);
			runOnlyForDeploymentPostprocessing = 0;
			shellPath = /bin/sh;
			shellScript = "diff \"${PODS_ROOT}/../Podfile.lock\" \"${PODS_ROOT}/Manifest.lock\" > /dev/null\nif [[ $? != 0 ]] ; then\n    cat << EOM\nerror: The sandbox is not in sync with the Podfile.lock. Run 'pod install' or update your CocoaPods installation.\nEOM\n    exit 1\nfi\n";
			showEnvVarsInLog = 0;
		};
/* End PBXShellScriptBuildPhase section */

/* Begin PBXSourcesBuildPhase section */
		504AC6ED1B57C9DB0028FD4F /* Sources */ = {
			isa = PBXSourcesBuildPhase;
			buildActionMask = 2147483647;
			files = (
				504AC6FD1B57C9DB0028FD4F /* ViewController.m in Sources */,
				509DC2811B61E9DD00BBED65 /* PictureViewController.m in Sources */,
				504AC6FA1B57C9DB0028FD4F /* AppDelegate.m in Sources */,
				50C8F3361B67527D00515065 /* DLKeyChain.m in Sources */,
				504AC6F71B57C9DB0028FD4F /* main.m in Sources */,
				50C8F3321B672BFC00515065 /* OpenUDID.m in Sources */,
			);
			runOnlyForDeploymentPostprocessing = 0;
		};
/* End PBXSourcesBuildPhase section */

/* Begin PBXVariantGroup section */
		504AC6FE1B57C9DB0028FD4F /* Main.storyboard */ = {
			isa = PBXVariantGroup;
			children = (
				504AC6FF1B57C9DB0028FD4F /* Base */,
			);
			name = Main.storyboard;
			sourceTree = "<group>";
		};
		504AC7031B57C9DB0028FD4F /* LaunchScreen.xib */ = {
			isa = PBXVariantGroup;
			children = (
				504AC7041B57C9DB0028FD4F /* Base */,
			);
			name = LaunchScreen.xib;
			sourceTree = "<group>";
		};
/* End PBXVariantGroup section */

/* Begin XCBuildConfiguration section */
		504AC7121B57C9DB0028FD4F /* Debug */ = {
			isa = XCBuildConfiguration;
			buildSettings = {
				ALWAYS_SEARCH_USER_PATHS = NO;
				CLANG_CXX_LANGUAGE_STANDARD = "gnu++0x";
				CLANG_CXX_LIBRARY = "libc++";
				CLANG_ENABLE_MODULES = YES;
				CLANG_ENABLE_OBJC_ARC = YES;
				CLANG_WARN_BOOL_CONVERSION = YES;
				CLANG_WARN_CONSTANT_CONVERSION = YES;
				CLANG_WARN_DIRECT_OBJC_ISA_USAGE = YES_ERROR;
				CLANG_WARN_EMPTY_BODY = YES;
				CLANG_WARN_ENUM_CONVERSION = YES;
				CLANG_WARN_INT_CONVERSION = YES;
				CLANG_WARN_OBJC_ROOT_CLASS = YES_ERROR;
				CLANG_WARN_UNREACHABLE_CODE = YES;
				CLANG_WARN__DUPLICATE_METHOD_MATCH = YES;
				"CODE_SIGN_IDENTITY[sdk=iphoneos*]" = "iPhone Developer";
				COPY_PHASE_STRIP = NO;
				DEBUG_INFORMATION_FORMAT = "dwarf-with-dsym";
				ENABLE_STRICT_OBJC_MSGSEND = YES;
				GCC_C_LANGUAGE_STANDARD = gnu99;
				GCC_DYNAMIC_NO_PIC = NO;
				GCC_NO_COMMON_BLOCKS = YES;
				GCC_OPTIMIZATION_LEVEL = 0;
				GCC_PREPROCESSOR_DEFINITIONS = (
					"DEBUG=1",
					"$(inherited)",
				);
				GCC_SYMBOLS_PRIVATE_EXTERN = NO;
				GCC_WARN_64_TO_32_BIT_CONVERSION = YES;
				GCC_WARN_ABOUT_RETURN_TYPE = YES_ERROR;
				GCC_WARN_UNDECLARED_SELECTOR = YES;
				GCC_WARN_UNINITIALIZED_AUTOS = YES_AGGRESSIVE;
				GCC_WARN_UNUSED_FUNCTION = YES;
				GCC_WARN_UNUSED_VARIABLE = YES;
				IPHONEOS_DEPLOYMENT_TARGET = 6.0;
				MTL_ENABLE_DEBUG_INFO = YES;
				ONLY_ACTIVE_ARCH = YES;
				SDKROOT = iphoneos;
			};
			name = Debug;
		};
		504AC7131B57C9DB0028FD4F /* Release */ = {
			isa = XCBuildConfiguration;
			buildSettings = {
				ALWAYS_SEARCH_USER_PATHS = NO;
				CLANG_CXX_LANGUAGE_STANDARD = "gnu++0x";
				CLANG_CXX_LIBRARY = "libc++";
				CLANG_ENABLE_MODULES = YES;
				CLANG_ENABLE_OBJC_ARC = YES;
				CLANG_WARN_BOOL_CONVERSION = YES;
				CLANG_WARN_CONSTANT_CONVERSION = YES;
				CLANG_WARN_DIRECT_OBJC_ISA_USAGE = YES_ERROR;
				CLANG_WARN_EMPTY_BODY = YES;
				CLANG_WARN_ENUM_CONVERSION = YES;
				CLANG_WARN_INT_CONVERSION = YES;
				CLANG_WARN_OBJC_ROOT_CLASS = YES_ERROR;
				CLANG_WARN_UNREACHABLE_CODE = YES;
				CLANG_WARN__DUPLICATE_METHOD_MATCH = YES;
				"CODE_SIGN_IDENTITY[sdk=iphoneos*]" = "iPhone Developer";
				COPY_PHASE_STRIP = NO;
				DEBUG_INFORMATION_FORMAT = "dwarf-with-dsym";
				ENABLE_NS_ASSERTIONS = NO;
				ENABLE_STRICT_OBJC_MSGSEND = YES;
				GCC_C_LANGUAGE_STANDARD = gnu99;
				GCC_NO_COMMON_BLOCKS = YES;
				GCC_WARN_64_TO_32_BIT_CONVERSION = YES;
				GCC_WARN_ABOUT_RETURN_TYPE = YES_ERROR;
				GCC_WARN_UNDECLARED_SELECTOR = YES;
				GCC_WARN_UNINITIALIZED_AUTOS = YES_AGGRESSIVE;
				GCC_WARN_UNUSED_FUNCTION = YES;
				GCC_WARN_UNUSED_VARIABLE = YES;
				IPHONEOS_DEPLOYMENT_TARGET = 6.0;
				MTL_ENABLE_DEBUG_INFO = NO;
				SDKROOT = iphoneos;
				VALIDATE_PRODUCT = YES;
			};
			name = Release;
		};
		504AC7151B57C9DB0028FD4F /* Debug */ = {
			isa = XCBuildConfiguration;
			buildSettings = {
				ASSETCATALOG_COMPILER_APPICON_NAME = AppIcon;
				ASSETCATALOG_COMPILER_LAUNCHIMAGE_NAME = LaunchImage;
				INFOPLIST_FILE = demo01/Info.plist;
				IPHONEOS_DEPLOYMENT_TARGET = 6;
				LD_RUNPATH_SEARCH_PATHS = "$(inherited) @executable_path/Frameworks";
				PRODUCT_NAME = demo1;
				TARGETED_DEVICE_FAMILY = 1;
			};
			name = Debug;
		};
		504AC7161B57C9DB0028FD4F /* Release */ = {
			isa = XCBuildConfiguration;
			buildSettings = {
				ASSETCATALOG_COMPILER_APPICON_NAME = AppIcon;
				ASSETCATALOG_COMPILER_LAUNCHIMAGE_NAME = LaunchImage;
				INFOPLIST_FILE = demo01/Info.plist;
				IPHONEOS_DEPLOYMENT_TARGET = 6;
				LD_RUNPATH_SEARCH_PATHS = "$(inherited) @executable_path/Frameworks";
				PRODUCT_NAME = demo1;
				TARGETED_DEVICE_FAMILY = 1;
			};
			name = Release;
		};
/* End XCBuildConfiguration section */

/* Begin XCConfigurationList section */
		504AC6EC1B57C9DB0028FD4F /* Build configuration list for PBXProject "demo1" */ = {
			isa = XCConfigurationList;
			buildConfigurations = (
				504AC7121B57C9DB0028FD4F /* Debug */,
				504AC7131B57C9DB0028FD4F /* Release */,
			);
			defaultConfigurationIsVisible = 0;
			defaultConfigurationName = Release;
		};
		504AC7141B57C9DB0028FD4F /* Build configuration list for PBXNativeTarget "demo1" */ = {
			isa = XCConfigurationList;
			buildConfigurations = (
				504AC7151B57C9DB0028FD4F /* Debug */,
				504AC7161B57C9DB0028FD4F /* Release */,
			);
			defaultConfigurationIsVisible = 0;
			defaultConfigurationName = Release;
		};
/* End XCConfigurationList section */
	};
	rootObject = 504AC6E91B57C9DB0028FD4F /* Project object */;
}
