// !$*UTF8*$!
{
	archiveVersion = 1;
	classes = {
	};
	objectVersion = 46;
	objects = {

/* Begin PBXBuildFile section */
		5089EB0C1B58AE350088FE97 /* main.m in Sources */ = {isa = PBXBuildFile; fileRef = 5089EB0B1B58AE350088FE97 /* main.m */; };
		5089EB0F1B58AE350088FE97 /* AppDelegate.m in Sources */ = {isa = PBXBuildFile; fileRef = 5089EB0E1B58AE350088FE97 /* AppDelegate.m */; };
		5089EB121B58AE350088FE97 /* FirstViewController.m in Sources */ = {isa = PBXBuildFile; fileRef = 5089EB111B58AE350088FE97 /* FirstViewController.m */; };
		5089EB151B58AE350088FE97 /* SecondViewController.m in Sources */ = {isa = PBXBuildFile; fileRef = 5089EB141B58AE350088FE97 /* SecondViewController.m */; };
		5089EB181B58AE350088FE97 /* Main.storyboard in Resources */ = {isa = PBXBuildFile; fileRef = 5089EB161B58AE350088FE97 /* Main.storyboard */; };
		5089EB1A1B58AE350088FE97 /* Images.xcassets in Resources */ = {isa = PBXBuildFile; fileRef = 5089EB191B58AE350088FE97 /* Images.xcassets */; };
		5089EB1D1B58AE350088FE97 /* LaunchScreen.xib in Resources */ = {isa = PBXBuildFile; fileRef = 5089EB1B1B58AE350088FE97 /* LaunchScreen.xib */; };
		5089EB291B58AE350088FE97 /* demo5Tests.m in Sources */ = {isa = PBXBuildFile; fileRef = 5089EB281B58AE350088FE97 /* demo5Tests.m */; };
/* End PBXBuildFile section */

/* Begin PBXContainerItemProxy section */
		5089EB231B58AE350088FE97 /* PBXContainerItemProxy */ = {
			isa = PBXContainerItemProxy;
			containerPortal = 5089EAFE1B58AE350088FE97 /* Project object */;
			proxyType = 1;
			remoteGlobalIDString = 5089EB051B58AE350088FE97;
			remoteInfo = demo5;
		};
/* End PBXContainerItemProxy section */

/* Begin PBXFileReference section */
		5089EB061B58AE350088FE97 /* demo5.app */ = {isa = PBXFileReference; explicitFileType = wrapper.application; includeInIndex = 0; path = demo5.app; sourceTree = BUILT_PRODUCTS_DIR; };
		5089EB0A1B58AE350088FE97 /* Info.plist */ = {isa = PBXFileReference; lastKnownFileType = text.plist.xml; path = Info.plist; sourceTree = "<group>"; };
		5089EB0B1B58AE350088FE97 /* main.m */ = {isa = PBXFileReference; lastKnownFileType = sourcecode.c.objc; path = main.m; sourceTree = "<group>"; };
		5089EB0D1B58AE350088FE97 /* AppDelegate.h */ = {isa = PBXFileReference; lastKnownFileType = sourcecode.c.h; path = AppDelegate.h; sourceTree = "<group>"; };
		5089EB0E1B58AE350088FE97 /* AppDelegate.m */ = {isa = PBXFileReference; lastKnownFileType = sourcecode.c.objc; path = AppDelegate.m; sourceTree = "<group>"; };
		5089EB101B58AE350088FE97 /* FirstViewController.h */ = {isa = PBXFileReference; lastKnownFileType = sourcecode.c.h; path = FirstViewController.h; sourceTree = "<group>"; };
		5089EB111B58AE350088FE97 /* FirstViewController.m */ = {isa = PBXFileReference; lastKnownFileType = sourcecode.c.objc; path = FirstViewController.m; sourceTree = "<group>"; };
		5089EB131B58AE350088FE97 /* SecondViewController.h */ = {isa = PBXFileReference; lastKnownFileType = sourcecode.c.h; path = SecondViewController.h; sourceTree = "<group>"; };
		5089EB141B58AE350088FE97 /* SecondViewController.m */ = {isa = PBXFileReference; lastKnownFileType = sourcecode.c.objc; path = SecondViewController.m; sourceTree = "<group>"; };
		5089EB171B58AE350088FE97 /* Base */ = {isa = PBXFileReference; lastKnownFileType = file.storyboard; name = Base; path = Base.lproj/Main.storyboard; sourceTree = "<group>"; };
		5089EB191B58AE350088FE97 /* Images.xcassets */ = {isa = PBXFileReference; lastKnownFileType = folder.assetcatalog; path = Images.xcassets; sourceTree = "<group>"; };
		5089EB1C1B58AE350088FE97 /* Base */ = {isa = PBXFileReference; lastKnownFileType = file.xib; name = Base; path = Base.lproj/LaunchScreen.xib; sourceTree = "<group>"; };
		5089EB221B58AE350088FE97 /* demo5Tests.xctest */ = {isa = PBXFileReference; explicitFileType = wrapper.cfbundle; includeInIndex = 0; path = demo5Tests.xctest; sourceTree = BUILT_PRODUCTS_DIR; };
		5089EB271B58AE350088FE97 /* Info.plist */ = {isa = PBXFileReference; lastKnownFileType = text.plist.xml; path = Info.plist; sourceTree = "<group>"; };
		5089EB281B58AE350088FE97 /* demo5Tests.m */ = {isa = PBXFileReference; lastKnownFileType = sourcecode.c.objc; path = demo5Tests.m; sourceTree = "<group>"; };
/* End PBXFileReference section */

/* Begin PBXFrameworksBuildPhase section */
		5089EB031B58AE350088FE97 /* Frameworks */ = {
			isa = PBXFrameworksBuildPhase;
			buildActionMask = 2147483647;
			files = (
			);
			runOnlyForDeploymentPostprocessing = 0;
		};
		5089EB1F1B58AE350088FE97 /* Frameworks */ = {
			isa = PBXFrameworksBuildPhase;
			buildActionMask = 2147483647;
			files = (
			);
			runOnlyForDeploymentPostprocessing = 0;
		};
/* End PBXFrameworksBuildPhase section */

/* Begin PBXGroup section */
		5089EAFD1B58AE350088FE97 = {
			isa = PBXGroup;
			children = (
				5089EB081B58AE350088FE97 /* demo5 */,
				5089EB251B58AE350088FE97 /* demo5Tests */,
				5089EB071B58AE350088FE97 /* Products */,
			);
			sourceTree = "<group>";
		};
		5089EB071B58AE350088FE97 /* Products */ = {
			isa = PBXGroup;
			children = (
				5089EB061B58AE350088FE97 /* demo5.app */,
				5089EB221B58AE350088FE97 /* demo5Tests.xctest */,
			);
			name = Products;
			sourceTree = "<group>";
		};
		5089EB081B58AE350088FE97 /* demo5 */ = {
			isa = PBXGroup;
			children = (
				5089EB0D1B58AE350088FE97 /* AppDelegate.h */,
				5089EB0E1B58AE350088FE97 /* AppDelegate.m */,
				5089EB101B58AE350088FE97 /* FirstViewController.h */,
				5089EB111B58AE350088FE97 /* FirstViewController.m */,
				5089EB131B58AE350088FE97 /* SecondViewController.h */,
				5089EB141B58AE350088FE97 /* SecondViewController.m */,
				5089EB161B58AE350088FE97 /* Main.storyboard */,
				5089EB191B58AE350088FE97 /* Images.xcassets */,
				5089EB1B1B58AE350088FE97 /* LaunchScreen.xib */,
				5089EB091B58AE350088FE97 /* Supporting Files */,
			);
			path = demo5;
			sourceTree = "<group>";
		};
		5089EB091B58AE350088FE97 /* Supporting Files */ = {
			isa = PBXGroup;
			children = (
				5089EB0A1B58AE350088FE97 /* Info.plist */,
				5089EB0B1B58AE350088FE97 /* main.m */,
			);
			name = "Supporting Files";
			sourceTree = "<group>";
		};
		5089EB251B58AE350088FE97 /* demo5Tests */ = {
			isa = PBXGroup;
			children = (
				5089EB281B58AE350088FE97 /* demo5Tests.m */,
				5089EB261B58AE350088FE97 /* Supporting Files */,
			);
			path = demo5Tests;
			sourceTree = "<group>";
		};
		5089EB261B58AE350088FE97 /* Supporting Files */ = {
			isa = PBXGroup;
			children = (
				5089EB271B58AE350088FE97 /* Info.plist */,
			);
			name = "Supporting Files";
			sourceTree = "<group>";
		};
/* End PBXGroup section */

/* Begin PBXNativeTarget section */
		5089EB051B58AE350088FE97 /* demo5 */ = {
			isa = PBXNativeTarget;
			buildConfigurationList = 5089EB2C1B58AE350088FE97 /* Build configuration list for PBXNativeTarget "demo5" */;
			buildPhases = (
				5089EB021B58AE350088FE97 /* Sources */,
				5089EB031B58AE350088FE97 /* Frameworks */,
				5089EB041B58AE350088FE97 /* Resources */,
			);
			buildRules = (
			);
			dependencies = (
			);
			name = demo5;
			productName = demo5;
			productReference = 5089EB061B58AE350088FE97 /* demo5.app */;
			productType = "com.apple.product-type.application";
		};
		5089EB211B58AE350088FE97 /* demo5Tests */ = {
			isa = PBXNativeTarget;
			buildConfigurationList = 5089EB2F1B58AE350088FE97 /* Build configuration list for PBXNativeTarget "demo5Tests" */;
			buildPhases = (
				5089EB1E1B58AE350088FE97 /* Sources */,
				5089EB1F1B58AE350088FE97 /* Frameworks */,
				5089EB201B58AE350088FE97 /* Resources */,
			);
			buildRules = (
			);
			dependencies = (
				5089EB241B58AE350088FE97 /* PBXTargetDependency */,
			);
			name = demo5Tests;
			productName = demo5Tests;
			productReference = 5089EB221B58AE350088FE97 /* demo5Tests.xctest */;
			productType = "com.apple.product-type.bundle.unit-test";
		};
/* End PBXNativeTarget section */

/* Begin PBXProject section */
		5089EAFE1B58AE350088FE97 /* Project object */ = {
			isa = PBXProject;
			attributes = {
				LastUpgradeCheck = 0640;
				ORGANIZATIONNAME = DamonLiu;
				TargetAttributes = {
					5089EB051B58AE350088FE97 = {
						CreatedOnToolsVersion = 6.4;
					};
					5089EB211B58AE350088FE97 = {
						CreatedOnToolsVersion = 6.4;
						TestTargetID = 5089EB051B58AE350088FE97;
					};
				};
			};
			buildConfigurationList = 5089EB011B58AE350088FE97 /* Build configuration list for PBXProject "demo5" */;
			compatibilityVersion = "Xcode 3.2";
			developmentRegion = English;
			hasScannedForEncodings = 0;
			knownRegions = (
				en,
				Base,
			);
			mainGroup = 5089EAFD1B58AE350088FE97;
			productRefGroup = 5089EB071B58AE350088FE97 /* Products */;
			projectDirPath = "";
			projectRoot = "";
			targets = (
				5089EB051B58AE350088FE97 /* demo5 */,
				5089EB211B58AE350088FE97 /* demo5Tests */,
			);
		};
/* End PBXProject section */

/* Begin PBXResourcesBuildPhase section */
		5089EB041B58AE350088FE97 /* Resources */ = {
			isa = PBXResourcesBuildPhase;
			buildActionMask = 2147483647;
			files = (
				5089EB181B58AE350088FE97 /* Main.storyboard in Resources */,
				5089EB1D1B58AE350088FE97 /* LaunchScreen.xib in Resources */,
				5089EB1A1B58AE350088FE97 /* Images.xcassets in Resources */,
			);
			runOnlyForDeploymentPostprocessing = 0;
		};
		5089EB201B58AE350088FE97 /* Resources */ = {
			isa = PBXResourcesBuildPhase;
			buildActionMask = 2147483647;
			files = (
			);
			runOnlyForDeploymentPostprocessing = 0;
		};
/* End PBXResourcesBuildPhase section */

/* Begin PBXSourcesBuildPhase section */
		5089EB021B58AE350088FE97 /* Sources */ = {
			isa = PBXSourcesBuildPhase;
			buildActionMask = 2147483647;
			files = (
				5089EB151B58AE350088FE97 /* SecondViewController.m in Sources */,
				5089EB0F1B58AE350088FE97 /* AppDelegate.m in Sources */,
				5089EB121B58AE350088FE97 /* FirstViewController.m in Sources */,
				5089EB0C1B58AE350088FE97 /* main.m in Sources */,
			);
			runOnlyForDeploymentPostprocessing = 0;
		};
		5089EB1E1B58AE350088FE97 /* Sources */ = {
			isa = PBXSourcesBuildPhase;
			buildActionMask = 2147483647;
			files = (
				5089EB291B58AE350088FE97 /* demo5Tests.m in Sources */,
			);
			runOnlyForDeploymentPostprocessing = 0;
		};
/* End PBXSourcesBuildPhase section */

/* Begin PBXTargetDependency section */
		5089EB241B58AE350088FE97 /* PBXTargetDependency */ = {
			isa = PBXTargetDependency;
			target = 5089EB051B58AE350088FE97 /* demo5 */;
			targetProxy = 5089EB231B58AE350088FE97 /* PBXContainerItemProxy */;
		};
/* End PBXTargetDependency section */

/* Begin PBXVariantGroup section */
		5089EB161B58AE350088FE97 /* Main.storyboard */ = {
			isa = PBXVariantGroup;
			children = (
				5089EB171B58AE350088FE97 /* Base */,
			);
			name = Main.storyboard;
			sourceTree = "<group>";
		};
		5089EB1B1B58AE350088FE97 /* LaunchScreen.xib */ = {
			isa = PBXVariantGroup;
			children = (
				5089EB1C1B58AE350088FE97 /* Base */,
			);
			name = LaunchScreen.xib;
			sourceTree = "<group>";
		};
/* End PBXVariantGroup section */

/* Begin XCBuildConfiguration section */
		5089EB2A1B58AE350088FE97 /* Debug */ = {
			isa = XCBuildConfiguration;
			buildSettings = {
				ALWAYS_SEARCH_USER_PATHS = NO;
				CLANG_CXX_LANGUAGE_STANDARD = "gnu++0x";
				CLANG_CXX_LIBRARY = "libc++";
				CLANG_ENABLE_MODULES = YES;
				CLANG_ENABLE_OBJC_ARC = YES;
				CLANG_WARN_BOOL_CONVERSION = YES;
				CLANG_WARN_CONSTANT_CONVERSION = YES;
				CLANG_WARN_DIRECT_OBJC_ISA_USAGE = YES_ERROR;
				CLANG_WARN_EMPTY_BODY = YES;
				CLANG_WARN_ENUM_CONVERSION = YES;
				CLANG_WARN_INT_CONVERSION = YES;
				CLANG_WARN_OBJC_ROOT_CLASS = YES_ERROR;
				CLANG_WARN_UNREACHABLE_CODE = YES;
				CLANG_WARN__DUPLICATE_METHOD_MATCH = YES;
				"CODE_SIGN_IDENTITY[sdk=iphoneos*]" = "iPhone Developer";
				COPY_PHASE_STRIP = NO;
				DEBUG_INFORMATION_FORMAT = "dwarf-with-dsym";
				ENABLE_STRICT_OBJC_MSGSEND = YES;
				GCC_C_LANGUAGE_STANDARD = gnu99;
				GCC_DYNAMIC_NO_PIC = NO;
				GCC_NO_COMMON_BLOCKS = YES;
				GCC_OPTIMIZATION_LEVEL = 0;
				GCC_PREPROCESSOR_DEFINITIONS = (
					"DEBUG=1",
					"$(inherited)",
				);
				GCC_SYMBOLS_PRIVATE_EXTERN = NO;
				GCC_WARN_64_TO_32_BIT_CONVERSION = YES;
				GCC_WARN_ABOUT_RETURN_TYPE = YES_ERROR;
				GCC_WARN_UNDECLARED_SELECTOR = YES;
				GCC_WARN_UNINITIALIZED_AUTOS = YES_AGGRESSIVE;
				GCC_WARN_UNUSED_FUNCTION = YES;
				GCC_WARN_UNUSED_VARIABLE = YES;
				IPHONEOS_DEPLOYMENT_TARGET = 8.4;
				MTL_ENABLE_DEBUG_INFO = YES;
				ONLY_ACTIVE_ARCH = YES;
				SDKROOT = iphoneos;
			};
			name = Debug;
		};
		5089EB2B1B58AE350088FE97 /* Release */ = {
			isa = XCBuildConfiguration;
			buildSettings = {
				ALWAYS_SEARCH_USER_PATHS = NO;
				CLANG_CXX_LANGUAGE_STANDARD = "gnu++0x";
				CLANG_CXX_LIBRARY = "libc++";
				CLANG_ENABLE_MODULES = YES;
				CLANG_ENABLE_OBJC_ARC = YES;
				CLANG_WARN_BOOL_CONVERSION = YES;
				CLANG_WARN_CONSTANT_CONVERSION = YES;
				CLANG_WARN_DIRECT_OBJC_ISA_USAGE = YES_ERROR;
				CLANG_WARN_EMPTY_BODY = YES;
				CLANG_WARN_ENUM_CONVERSION = YES;
				CLANG_WARN_INT_CONVERSION = YES;
				CLANG_WARN_OBJC_ROOT_CLASS = YES_ERROR;
				CLANG_WARN_UNREACHABLE_CODE = YES;
				CLANG_WARN__DUPLICATE_METHOD_MATCH = YES;
				"CODE_SIGN_IDENTITY[sdk=iphoneos*]" = "iPhone Developer";
				COPY_PHASE_STRIP = NO;
				DEBUG_INFORMATION_FORMAT = "dwarf-with-dsym";
				ENABLE_NS_ASSERTIONS = NO;
				ENABLE_STRICT_OBJC_MSGSEND = YES;
				GCC_C_LANGUAGE_STANDARD = gnu99;
				GCC_NO_COMMON_BLOCKS = YES;
				GCC_WARN_64_TO_32_BIT_CONVERSION = YES;
				GCC_WARN_ABOUT_RETURN_TYPE = YES_ERROR;
				GCC_WARN_UNDECLARED_SELECTOR = YES;
				GCC_WARN_UNINITIALIZED_AUTOS = YES_AGGRESSIVE;
				GCC_WARN_UNUSED_FUNCTION = YES;
				GCC_WARN_UNUSED_VARIABLE = YES;
				IPHONEOS_DEPLOYMENT_TARGET = 8.4;
				MTL_ENABLE_DEBUG_INFO = NO;
				SDKROOT = iphoneos;
				VALIDATE_PRODUCT = YES;
			};
			name = Release;
		};
		5089EB2D1B58AE350088FE97 /* Debug */ = {
			isa = XCBuildConfiguration;
			buildSettings = {
				ASSETCATALOG_COMPILER_APPICON_NAME = AppIcon;
				INFOPLIST_FILE = demo5/Info.plist;
				LD_RUNPATH_SEARCH_PATHS = "$(inherited) @executable_path/Frameworks";
				PRODUCT_NAME = "$(TARGET_NAME)";
			};
			name = Debug;
		};
		5089EB2E1B58AE350088FE97 /* Release */ = {
			isa = XCBuildConfiguration;
			buildSettings = {
				ASSETCATALOG_COMPILER_APPICON_NAME = AppIcon;
				INFOPLIST_FILE = demo5/Info.plist;
				LD_RUNPATH_SEARCH_PATHS = "$(inherited) @executable_path/Frameworks";
				PRODUCT_NAME = "$(TARGET_NAME)";
			};
			name = Release;
		};
		5089EB301B58AE350088FE97 /* Debug */ = {
			isa = XCBuildConfiguration;
			buildSettings = {
				BUNDLE_LOADER = "$(TEST_HOST)";
				FRAMEWORK_SEARCH_PATHS = (
					"$(SDKROOT)/Developer/Library/Frameworks",
					"$(inherited)",
				);
				GCC_PREPROCESSOR_DEFINITIONS = (
					"DEBUG=1",
					"$(inherited)",
				);
				INFOPLIST_FILE = demo5Tests/Info.plist;
				LD_RUNPATH_SEARCH_PATHS = "$(inherited) @executable_path/Frameworks @loader_path/Frameworks";
				PRODUCT_NAME = "$(TARGET_NAME)";
				TEST_HOST = "$(BUILT_PRODUCTS_DIR)/demo5.app/demo5";
			};
			name = Debug;
		};
		5089EB311B58AE350088FE97 /* Release */ = {
			isa = XCBuildConfiguration;
			buildSettings = {
				BUNDLE_LOADER = "$(TEST_HOST)";
				FRAMEWORK_SEARCH_PATHS = (
					"$(SDKROOT)/Developer/Library/Frameworks",
					"$(inherited)",
				);
				INFOPLIST_FILE = demo5Tests/Info.plist;
				LD_RUNPATH_SEARCH_PATHS = "$(inherited) @executable_path/Frameworks @loader_path/Frameworks";
				PRODUCT_NAME = "$(TARGET_NAME)";
				TEST_HOST = "$(BUILT_PRODUCTS_DIR)/demo5.app/demo5";
			};
			name = Release;
		};
/* End XCBuildConfiguration section */

/* Begin XCConfigurationList section */
		5089EB011B58AE350088FE97 /* Build configuration list for PBXProject "demo5" */ = {
			isa = XCConfigurationList;
			buildConfigurations = (
				5089EB2A1B58AE350088FE97 /* Debug */,
				5089EB2B1B58AE350088FE97 /* Release */,
			);
			defaultConfigurationIsVisible = 0;
			defaultConfigurationName = Release;
		};
		5089EB2C1B58AE350088FE97 /* Build configuration list for PBXNativeTarget "demo5" */ = {
			isa = XCConfigurationList;
			buildConfigurations = (
				5089EB2D1B58AE350088FE97 /* Debug */,
				5089EB2E1B58AE350088FE97 /* Release */,
			);
			defaultConfigurationIsVisible = 0;
		};
		5089EB2F1B58AE350088FE97 /* Build configuration list for PBXNativeTarget "demo5Tests" */ = {
			isa = XCConfigurationList;
			buildConfigurations = (
				5089EB301B58AE350088FE97 /* Debug */,
				5089EB311B58AE350088FE97 /* Release */,
			);
			defaultConfigurationIsVisible = 0;
		};
/* End XCConfigurationList section */
	};
	rootObject = 5089EAFE1B58AE350088FE97 /* Project object */;
}
